
Microsoft Visual Studio Solution File, Format Version 12.00
# Visual Studio 15
VisualStudioVersion = 15.0.28307.329
MinimumVisualStudioVersion = 10.0.40219.1
Project("{FAE04EC0-301F-11D3-BF4B-00C04F79EFBC}") = "SpartaIMSWebsite", "SpartaIMSWebsite\SpartaIMSWebsite.csproj", "{D11869D3-1362-4849-AFC2-51CCBEC846BE}"
EndProject
Project("{FAE04EC0-301F-11D3-BF4B-00C04F79EFBC}") = "SpartaIMS_Database", "SpartaIMS_Database\SpartaIMS_Database.csproj", "{60DD620F-CCF1-44E2-9158-B9B8294706D4}"
EndProject
Global
	GlobalSection(SolutionConfigurationPlatforms) = preSolution
		Debug|Any CPU = Debug|Any CPU
		Release|Any CPU = Release|Any CPU
	EndGlobalSection
	GlobalSection(ProjectConfigurationPlatforms) = postSolution
		{D11869D3-1362-4849-AFC2-51CCBEC846BE}.Debug|Any CPU.ActiveCfg = Debug|Any CPU
		{D11869D3-1362-4849-AFC2-51CCBEC846BE}.Debug|Any CPU.Build.0 = Debug|Any CPU
		{D11869D3-1362-4849-AFC2-51CCBEC846BE}.Release|Any CPU.ActiveCfg = Release|Any CPU
		{D11869D3-1362-4849-AFC2-51CCBEC846BE}.Release|Any CPU.Build.0 = Release|Any CPU
		{60DD620F-CCF1-44E2-9158-B9B8294706D4}.Debug|Any CPU.ActiveCfg = Debug|Any CPU
		{60DD620F-CCF1-44E2-9158-B9B8294706D4}.Debug|Any CPU.Build.0 = Debug|Any CPU
		{60DD620F-CCF1-44E2-9158-B9B8294706D4}.Release|Any CPU.ActiveCfg = Release|Any CPU
		{60DD620F-CCF1-44E2-9158-B9B8294706D4}.Release|Any CPU.Build.0 = Release|Any CPU
	EndGlobalSection
	GlobalSection(SolutionProperties) = preSolution
		HideSolutionNode = FALSE
	EndGlobalSection
	GlobalSection(ExtensibilityGlobals) = postSolution
		SolutionGuid = {8BF08406-7BD7-41DD-9473-AA676BEF1E97}
	EndGlobalSection
EndGlobal
